PODS:
  - Flutter (1.0.0)
  - fluwx_worker (0.0.1):
    - Flutter

DEPENDENCIES:
  - Flutter (from `Flutter`)
  - fluwx_worker (from `.symlinks/plugins/fluwx_worker/ios`)

EXTERNAL SOURCES:
  Flutter:
    :path: Flutter
  fluwx_worker:
    :path: ".symlinks/plugins/fluwx_worker/ios"

SPEC CHECKSUMS:
  Flutter: 50d75fe2f02b26cc09d224853bb45737f8b3214a
  fluwx_worker: 5d1e62e1e871cf5b2f8d48d621290af9fb36e826

PODFILE CHECKSUM: 8e679eca47255a8ca8067c4c67aab20e64cb974d

COCOAPODS: 1.11.2
